
Microsoft Visual Studio Solution File, Format Version 12.00
# Visual Studio Version 17
VisualStudioVersion = 17.0.31903.59
MinimumVisualStudioVersion = 10.0.40219.1
Project("{FAE04EC0-301F-11D3-BF4B-00C04F79EFBC}") = "Task", "Task\Task.csproj", "{220F9F35-28E8-4370-9C16-4286C21E915F}"
EndProject
Project("{FAE04EC0-301F-11D3-BF4B-00C04F79EFBC}") = "Task.Tests", "Task.Tests\Task.Tests.csproj", "{5516E542-2E09-40FA-B4CD-4FA44882370B}"
EndProject
Global
	GlobalSection(SolutionConfigurationPlatforms) = preSolution
		Debug|Any CPU = Debug|Any CPU
		Release|Any CPU = Release|Any CPU
	EndGlobalSection
	GlobalSection(SolutionProperties) = preSolution
		HideSolutionNode = FALSE
	EndGlobalSection
	GlobalSection(ProjectConfigurationPlatforms) = postSolution
		{220F9F35-28E8-4370-9C16-4286C21E915F}.Debug|Any CPU.ActiveCfg = Debug|Any CPU
		{220F9F35-28E8-4370-9C16-4286C21E915F}.Debug|Any CPU.Build.0 = Debug|Any CPU
		{220F9F35-28E8-4370-9C16-4286C21E915F}.Release|Any CPU.ActiveCfg = Release|Any CPU
		{220F9F35-28E8-4370-9C16-4286C21E915F}.Release|Any CPU.Build.0 = Release|Any CPU
		{5516E542-2E09-40FA-B4CD-4FA44882370B}.Debug|Any CPU.ActiveCfg = Debug|Any CPU
		{5516E542-2E09-40FA-B4CD-4FA44882370B}.Debug|Any CPU.Build.0 = Debug|Any CPU
		{5516E542-2E09-40FA-B4CD-4FA44882370B}.Release|Any CPU.ActiveCfg = Release|Any CPU
		{5516E542-2E09-40FA-B4CD-4FA44882370B}.Release|Any CPU.Build.0 = Release|Any CPU
	EndGlobalSection
EndGlobal
