
Microsoft Visual Studio Solution File, Format Version 12.00
# Visual Studio Version 17
VisualStudioVersion = 17.3.32922.545
MinimumVisualStudioVersion = 10.0.40219.1
Project("{9A19103F-16F7-4668-BE54-9A1E7A4F7556}") = "NETCore.ConsoleApp", "NETCore.ConsoleApp\NETCore.ConsoleApp.csproj", "{CBE498A8-ABBD-4272-9D9C-7D8A80274BF4}"
EndProject
Project("{FAE04EC0-301F-11D3-BF4B-00C04F79EFBC}") = "NETFramework.WinFormsApp", "NETFramework.WinFormsApp\NETFramework.WinFormsApp.csproj", "{885025C6-5F12-43E4-A22C-073AC3CFEE33}"
EndProject
Global
	GlobalSection(SolutionConfigurationPlatforms) = preSolution
		Debug|Any CPU = Debug|Any CPU
		Release|Any CPU = Release|Any CPU
	EndGlobalSection
	GlobalSection(ProjectConfigurationPlatforms) = postSolution
		{CBE498A8-ABBD-4272-9D9C-7D8A80274BF4}.Debug|Any CPU.ActiveCfg = Debug|Any CPU
		{CBE498A8-ABBD-4272-9D9C-7D8A80274BF4}.Debug|Any CPU.Build.0 = Debug|Any CPU
		{CBE498A8-ABBD-4272-9D9C-7D8A80274BF4}.Release|Any CPU.ActiveCfg = Release|Any CPU
		{CBE498A8-ABBD-4272-9D9C-7D8A80274BF4}.Release|Any CPU.Build.0 = Release|Any CPU
		{885025C6-5F12-43E4-A22C-073AC3CFEE33}.Debug|Any CPU.ActiveCfg = Debug|Any CPU
		{885025C6-5F12-43E4-A22C-073AC3CFEE33}.Debug|Any CPU.Build.0 = Debug|Any CPU
		{885025C6-5F12-43E4-A22C-073AC3CFEE33}.Release|Any CPU.ActiveCfg = Release|Any CPU
		{885025C6-5F12-43E4-A22C-073AC3CFEE33}.Release|Any CPU.Build.0 = Release|Any CPU
	EndGlobalSection
	GlobalSection(SolutionProperties) = preSolution
		HideSolutionNode = FALSE
	EndGlobalSection
	GlobalSection(ExtensibilityGlobals) = postSolution
		SolutionGuid = {D4736CF4-67F1-45E8-B27D-320C188F6DF4}
	EndGlobalSection
EndGlobal
